// !$*UTF8*$!
{
	archiveVersion = 1;
	classes = {
	};
	objectVersion = 46;
	objects = {

/* Begin PBXBuildFile section */
		60341D681BDB7D1200C0F8B7 /* Impact.ttf in Resources */ = {isa = PBXBuildFile; fileRef = 60341D671BDB7AC200C0F8B7 /* Impact.ttf */; };
		60341D6B1BDB84BA00C0F8B7 /* Legrand.ttf in Resources */ = {isa = PBXBuildFile; fileRef = 60341D6A1BDB849900C0F8B7 /* Legrand.ttf */; };
		60341D701BDB873A00C0F8B7 /* Cowboy Movie.ttf in Resources */ = {isa = PBXBuildFile; fileRef = 60341D6C1BDB86F000C0F8B7 /* Cowboy Movie.ttf */; };
		604293191BD4BA4C0023E3D3 /* AppDelegate.swift in Sources */ = {isa = PBXBuildFile; fileRef = 604293181BD4BA4C0023E3D3 /* AppDelegate.swift */; };
		6042931B1BD4BA4C0023E3D3 /* MemeEditorViewController.swift in Sources */ = {isa = PBXBuildFile; fileRef = 6042931A1BD4BA4C0023E3D3 /* MemeEditorViewController.swift */; };
		6042931E1BD4BA4C0023E3D3 /* Main.storyboard in Resources */ = {isa = PBXBuildFile; fileRef = 6042931C1BD4BA4C0023E3D3 /* Main.storyboard */; };
		604293201BD4BA4C0023E3D3 /* Assets.xcassets in Resources */ = {isa = PBXBuildFile; fileRef = 6042931F1BD4BA4C0023E3D3 /* Assets.xcassets */; };
		604293231BD4BA4C0023E3D3 /* LaunchScreen.storyboard in Resources */ = {isa = PBXBuildFile; fileRef = 604293211BD4BA4C0023E3D3 /* LaunchScreen.storyboard */; };
		6042932E1BD4BA4C0023E3D3 /* MemeMeTests.swift in Sources */ = {isa = PBXBuildFile; fileRef = 6042932D1BD4BA4C0023E3D3 /* MemeMeTests.swift */; };
		604293391BD4BA4C0023E3D3 /* MemeMeUITests.swift in Sources */ = {isa = PBXBuildFile; fileRef = 604293381BD4BA4C0023E3D3 /* MemeMeUITests.swift */; };
		60A66F4F1BD4F9B0009EB55D /* Meme.swift in Sources */ = {isa = PBXBuildFile; fileRef = 60A66F4E1BD4F9B0009EB55D /* Meme.swift */; settings = {ASSET_TAGS = (); }; };
/* End PBXBuildFile section */

/* Begin PBXContainerItemProxy section */
		6042932A1BD4BA4C0023E3D3 /* PBXContainerItemProxy */ = {
			isa = PBXContainerItemProxy;
			containerPortal = 6042930D1BD4BA4C0023E3D3 /* Project object */;
			proxyType = 1;
			remoteGlobalIDString = 604293141BD4BA4C0023E3D3;
			remoteInfo = MemeMe;
		};
		604293351BD4BA4C0023E3D3 /* PBXContainerItemProxy */ = {
			isa = PBXContainerItemProxy;
			containerPortal = 6042930D1BD4BA4C0023E3D3 /* Project object */;
			proxyType = 1;
			remoteGlobalIDString = 604293141BD4BA4C0023E3D3;
			remoteInfo = MemeMe;
		};
/* End PBXContainerItemProxy section */

/* Begin PBXFileReference section */
		60341D671BDB7AC200C0F8B7 /* Impact.ttf */ = {isa = PBXFileReference; lastKnownFileType = file; path = Impact.ttf; sourceTree = "<group>"; };
		60341D6A1BDB849900C0F8B7 /* Legrand.ttf */ = {isa = PBXFileReference; lastKnownFileType = file; path = Legrand.ttf; sourceTree = "<group>"; };
		60341D6C1BDB86F000C0F8B7 /* Cowboy Movie.ttf */ = {isa = PBXFileReference; lastKnownFileType = file; path = "Cowboy Movie.ttf"; sourceTree = "<group>"; };
		604293151BD4BA4C0023E3D3 /* MemeMe.app */ = {isa = PBXFileReference; explicitFileType = wrapper.application; includeInIndex = 0; path = MemeMe.app; sourceTree = BUILT_PRODUCTS_DIR; };
		604293181BD4BA4C0023E3D3 /* AppDelegate.swift */ = {isa = PBXFileReference; lastKnownFileType = sourcecode.swift; path = AppDelegate.swift; sourceTree = "<group>"; };
		6042931A1BD4BA4C0023E3D3 /* MemeEditorViewController.swift */ = {isa = PBXFileReference; lastKnownFileType = sourcecode.swift; path = MemeEditorViewController.swift; sourceTree = "<group>"; };
		6042931D1BD4BA4C0023E3D3 /* Base */ = {isa = PBXFileReference; lastKnownFileType = file.storyboard; name = Base; path = Base.lproj/Main.storyboard; sourceTree = "<group>"; };
		6042931F1BD4BA4C0023E3D3 /* Assets.xcassets */ = {isa = PBXFileReference; lastKnownFileType = folder.assetcatalog; path = Assets.xcassets; sourceTree = "<group>"; };
		604293221BD4BA4C0023E3D3 /* Base */ = {isa = PBXFileReference; lastKnownFileType = file.storyboard; name = Base; path = Base.lproj/LaunchScreen.storyboard; sourceTree = "<group>"; };
		604293241BD4BA4C0023E3D3 /* Info.plist */ = {isa = PBXFileReference; lastKnownFileType = text.plist.xml; path = Info.plist; sourceTree = "<group>"; };
		604293291BD4BA4C0023E3D3 /* MemeMeTests.xctest */ = {isa = PBXFileReference; explicitFileType = wrapper.cfbundle; includeInIndex = 0; path = MemeMeTests.xctest; sourceTree = BUILT_PRODUCTS_DIR; };
		6042932D1BD4BA4C0023E3D3 /* MemeMeTests.swift */ = {isa = PBXFileReference; lastKnownFileType = sourcecode.swift; path = MemeMeTests.swift; sourceTree = "<group>"; };
		6042932F1BD4BA4C0023E3D3 /* Info.plist */ = {isa = PBXFileReference; lastKnownFileType = text.plist.xml; path = Info.plist; sourceTree = "<group>"; };
		604293341BD4BA4C0023E3D3 /* MemeMeUITests.xctest */ = {isa = PBXFileReference; explicitFileType = wrapper.cfbundle; includeInIndex = 0; path = MemeMeUITests.xctest; sourceTree = BUILT_PRODUCTS_DIR; };
		604293381BD4BA4C0023E3D3 /* MemeMeUITests.swift */ = {isa = PBXFileReference; lastKnownFileType = sourcecode.swift; path = MemeMeUITests.swift; sourceTree = "<group>"; };
		6042933A1BD4BA4C0023E3D3 /* Info.plist */ = {isa = PBXFileReference; lastKnownFileType = text.plist.xml; path = Info.plist; sourceTree = "<group>"; };
		60A66F4E1BD4F9B0009EB55D /* Meme.swift */ = {isa = PBXFileReference; fileEncoding = 4; lastKnownFileType = sourcecode.swift; path = Meme.swift; sourceTree = "<group>"; };
/* End PBXFileReference section */

/* Begin PBXFrameworksBuildPhase section */
		604293121BD4BA4C0023E3D3 /* Frameworks */ = {
			isa = PBXFrameworksBuildPhase;
			buildActionMask = 2147483647;
			files = (
			);
			runOnlyForDeploymentPostprocessing = 0;
		};
		604293261BD4BA4C0023E3D3 /* Frameworks */ = {
			isa = PBXFrameworksBuildPhase;
			buildActionMask = 2147483647;
			files = (
			);
			runOnlyForDeploymentPostprocessing = 0;
		};
		604293311BD4BA4C0023E3D3 /* Frameworks */ = {
			isa = PBXFrameworksBuildPhase;
			buildActionMask = 2147483647;
			files = (
			);
			runOnlyForDeploymentPostprocessing = 0;
		};
/* End PBXFrameworksBuildPhase section */

/* Begin PBXGroup section */
		60341D691BDB848500C0F8B7 /* Resources */ = {
			isa = PBXGroup;
			children = (
				60341D671BDB7AC200C0F8B7 /* Impact.ttf */,
				60341D6A1BDB849900C0F8B7 /* Legrand.ttf */,
				60341D6C1BDB86F000C0F8B7 /* Cowboy Movie.ttf */,
			);
			name = Resources;
			sourceTree = "<group>";
		};
		6042930C1BD4BA4C0023E3D3 = {
			isa = PBXGroup;
			children = (
				604293171BD4BA4C0023E3D3 /* MemeMe */,
				6042932C1BD4BA4C0023E3D3 /* MemeMeTests */,
				604293371BD4BA4C0023E3D3 /* MemeMeUITests */,
				604293161BD4BA4C0023E3D3 /* Products */,
			);
			sourceTree = "<group>";
		};
		604293161BD4BA4C0023E3D3 /* Products */ = {
			isa = PBXGroup;
			children = (
				604293151BD4BA4C0023E3D3 /* MemeMe.app */,
				604293291BD4BA4C0023E3D3 /* MemeMeTests.xctest */,
				604293341BD4BA4C0023E3D3 /* MemeMeUITests.xctest */,
			);
			name = Products;
			sourceTree = "<group>";
		};
		604293171BD4BA4C0023E3D3 /* MemeMe */ = {
			isa = PBXGroup;
			children = (
				60A66F4E1BD4F9B0009EB55D /* Meme.swift */,
				604293181BD4BA4C0023E3D3 /* AppDelegate.swift */,
				6042931A1BD4BA4C0023E3D3 /* MemeEditorViewController.swift */,
				6042931C1BD4BA4C0023E3D3 /* Main.storyboard */,
				6042931F1BD4BA4C0023E3D3 /* Assets.xcassets */,
				604293211BD4BA4C0023E3D3 /* LaunchScreen.storyboard */,
				604293241BD4BA4C0023E3D3 /* Info.plist */,
				60341D691BDB848500C0F8B7 /* Resources */,
			);
			path = MemeMe;
			sourceTree = "<group>";
		};
		6042932C1BD4BA4C0023E3D3 /* MemeMeTests */ = {
			isa = PBXGroup;
			children = (
				6042932D1BD4BA4C0023E3D3 /* MemeMeTests.swift */,
				6042932F1BD4BA4C0023E3D3 /* Info.plist */,
			);
			path = MemeMeTests;
			sourceTree = "<group>";
		};
		604293371BD4BA4C0023E3D3 /* MemeMeUITests */ = {
			isa = PBXGroup;
			children = (
				604293381BD4BA4C0023E3D3 /* MemeMeUITests.swift */,
				6042933A1BD4BA4C0023E3D3 /* Info.plist */,
			);
			path = MemeMeUITests;
			sourceTree = "<group>";
		};
/* End PBXGroup section */

/* Begin PBXNativeTarget section */
		604293141BD4BA4C0023E3D3 /* MemeMe */ = {
			isa = PBXNativeTarget;
			buildConfigurationList = 6042933D1BD4BA4C0023E3D3 /* Build configuration list for PBXNativeTarget "MemeMe" */;
			buildPhases = (
				604293111BD4BA4C0023E3D3 /* Sources */,
				604293121BD4BA4C0023E3D3 /* Frameworks */,
				604293131BD4BA4C0023E3D3 /* Resources */,
			);
			buildRules = (
			);
			dependencies = (
			);
			name = MemeMe;
			productName = MemeMe;
			productReference = 604293151BD4BA4C0023E3D3 /* MemeMe.app */;
			productType = "com.apple.product-type.application";
		};
		604293281BD4BA4C0023E3D3 /* MemeMeTests */ = {
			isa = PBXNativeTarget;
			buildConfigurationList = 604293401BD4BA4C0023E3D3 /* Build configuration list for PBXNativeTarget "MemeMeTests" */;
			buildPhases = (
				604293251BD4BA4C0023E3D3 /* Sources */,
				604293261BD4BA4C0023E3D3 /* Frameworks */,
				604293271BD4BA4C0023E3D3 /* Resources */,
			);
			buildRules = (
			);
			dependencies = (
				6042932B1BD4BA4C0023E3D3 /* PBXTargetDependency */,
			);
			name = MemeMeTests;
			productName = MemeMeTests;
			productReference = 604293291BD4BA4C0023E3D3 /* MemeMeTests.xctest */;
			productType = "com.apple.product-type.bundle.unit-test";
		};
		604293331BD4BA4C0023E3D3 /* MemeMeUITests */ = {
			isa = PBXNativeTarget;
			buildConfigurationList = 604293431BD4BA4C0023E3D3 /* Build configuration list for PBXNativeTarget "MemeMeUITests" */;
			buildPhases = (
				604293301BD4BA4C0023E3D3 /* Sources */,
				604293311BD4BA4C0023E3D3 /* Frameworks */,
				604293321BD4BA4C0023E3D3 /* Resources */,
			);
			buildRules = (
			);
			dependencies = (
				604293361BD4BA4C0023E3D3 /* PBXTargetDependency */,
			);
			name = MemeMeUITests;
			productName = MemeMeUITests;
			productReference = 604293341BD4BA4C0023E3D3 /* MemeMeUITests.xctest */;
			productType = "com.apple.product-type.bundle.ui-testing";
		};
/* End PBXNativeTarget section */

/* Begin PBXProject section */
		6042930D1BD4BA4C0023E3D3 /* Project object */ = {
			isa = PBXProject;
			attributes = {
				LastUpgradeCheck = 0700;
				ORGANIZATIONNAME = "Ada Ji";
				TargetAttributes = {
					604293141BD4BA4C0023E3D3 = {
						CreatedOnToolsVersion = 7.0.1;
						DevelopmentTeam = R4G9JCG63R;
					};
					604293281BD4BA4C0023E3D3 = {
						CreatedOnToolsVersion = 7.0.1;
						TestTargetID = 604293141BD4BA4C0023E3D3;
					};
					604293331BD4BA4C0023E3D3 = {
						CreatedOnToolsVersion = 7.0.1;
						TestTargetID = 604293141BD4BA4C0023E3D3;
					};
				};
			};
			buildConfigurationList = 604293101BD4BA4C0023E3D3 /* Build configuration list for PBXProject "MemeMe" */;
			compatibilityVersion = "Xcode 3.2";
			developmentRegion = English;
			hasScannedForEncodings = 0;
			knownRegions = (
				en,
				Base,
			);
			mainGroup = 6042930C1BD4BA4C0023E3D3;
			productRefGroup = 604293161BD4BA4C0023E3D3 /* Products */;
			projectDirPath = "";
			projectRoot = "";
			targets = (
				604293141BD4BA4C0023E3D3 /* MemeMe */,
				604293281BD4BA4C0023E3D3 /* MemeMeTests */,
				604293331BD4BA4C0023E3D3 /* MemeMeUITests */,
			);
		};
/* End PBXProject section */

/* Begin PBXResourcesBuildPhase section */
		604293131BD4BA4C0023E3D3 /* Resources */ = {
			isa = PBXResourcesBuildPhase;
			buildActionMask = 2147483647;
			files = (
				60341D701BDB873A00C0F8B7 /* Cowboy Movie.ttf in Resources */,
				60341D6B1BDB84BA00C0F8B7 /* Legrand.ttf in Resources */,
				60341D681BDB7D1200C0F8B7 /* Impact.ttf in Resources */,
				604293231BD4BA4C0023E3D3 /* LaunchScreen.storyboard in Resources */,
				604293201BD4BA4C0023E3D3 /* Assets.xcassets in Resources */,
				6042931E1BD4BA4C0023E3D3 /* Main.storyboard in Resources */,
			);
			runOnlyForDeploymentPostprocessing = 0;
		};
		604293271BD4BA4C0023E3D3 /* Resources */ = {
			isa = PBXResourcesBuildPhase;
			buildActionMask = 2147483647;
			files = (
			);
			runOnlyForDeploymentPostprocessing = 0;
		};
		604293321BD4BA4C0023E3D3 /* Resources */ = {
			isa = PBXResourcesBuildPhase;
			buildActionMask = 2147483647;
			files = (
			);
			runOnlyForDeploymentPostprocessing = 0;
		};
/* End PBXResourcesBuildPhase section */

/* Begin PBXSourcesBuildPhase section */
		604293111BD4BA4C0023E3D3 /* Sources */ = {
			isa = PBXSourcesBuildPhase;
			buildActionMask = 2147483647;
			files = (
				60A66F4F1BD4F9B0009EB55D /* Meme.swift in Sources */,
				6042931B1BD4BA4C0023E3D3 /* MemeEditorViewController.swift in Sources */,
				604293191BD4BA4C0023E3D3 /* AppDelegate.swift in Sources */,
			);
			runOnlyForDeploymentPostprocessing = 0;
		};
		604293251BD4BA4C0023E3D3 /* Sources */ = {
			isa = PBXSourcesBuildPhase;
			buildActionMask = 2147483647;
			files = (
				6042932E1BD4BA4C0023E3D3 /* MemeMeTests.swift in Sources */,
			);
			runOnlyForDeploymentPostprocessing = 0;
		};
		604293301BD4BA4C0023E3D3 /* Sources */ = {
			isa = PBXSourcesBuildPhase;
			buildActionMask = 2147483647;
			files = (
				604293391BD4BA4C0023E3D3 /* MemeMeUITests.swift in Sources */,
			);
			runOnlyForDeploymentPostprocessing = 0;
		};
/* End PBXSourcesBuildPhase section */

/* Begin PBXTargetDependency section */
		6042932B1BD4BA4C0023E3D3 /* PBXTargetDependency */ = {
			isa = PBXTargetDependency;
			target = 604293141BD4BA4C0023E3D3 /* MemeMe */;
			targetProxy = 6042932A1BD4BA4C0023E3D3 /* PBXContainerItemProxy */;
		};
		604293361BD4BA4C0023E3D3 /* PBXTargetDependency */ = {
			isa = PBXTargetDependency;
			target = 604293141BD4BA4C0023E3D3 /* MemeMe */;
			targetProxy = 604293351BD4BA4C0023E3D3 /* PBXContainerItemProxy */;
		};
/* End PBXTargetDependency section */

/* Begin PBXVariantGroup section */
		6042931C1BD4BA4C0023E3D3 /* Main.storyboard */ = {
			isa = PBXVariantGroup;
			children = (
				6042931D1BD4BA4C0023E3D3 /* Base */,
			);
			name = Main.storyboard;
			sourceTree = "<group>";
		};
		604293211BD4BA4C0023E3D3 /* LaunchScreen.storyboard */ = {
			isa = PBXVariantGroup;
			children = (
				604293221BD4BA4C0023E3D3 /* Base */,
			);
			name = LaunchScreen.storyboard;
			sourceTree = "<group>";
		};
/* End PBXVariantGroup section */

/* Begin XCBuildConfiguration section */
		6042933B1BD4BA4C0023E3D3 /* Debug */ = {
			isa = XCBuildConfiguration;
			buildSettings = {
				ALWAYS_SEARCH_USER_PATHS = NO;
				CLANG_CXX_LANGUAGE_STANDARD = "gnu++0x";
				CLANG_CXX_LIBRARY = "libc++";
				CLANG_ENABLE_MODULES = YES;
				CLANG_ENABLE_OBJC_ARC = YES;
				CLANG_WARN_BOOL_CONVERSION = YES;
				CLANG_WARN_CONSTANT_CONVERSION = YES;
				CLANG_WARN_DIRECT_OBJC_ISA_USAGE = YES_ERROR;
				CLANG_WARN_EMPTY_BODY = YES;
				CLANG_WARN_ENUM_CONVERSION = YES;
				CLANG_WARN_INT_CONVERSION = YES;
				CLANG_WARN_OBJC_ROOT_CLASS = YES_ERROR;
				CLANG_WARN_UNREACHABLE_CODE = YES;
				CLANG_WARN__DUPLICATE_METHOD_MATCH = YES;
				"CODE_SIGN_IDENTITY[sdk=iphoneos*]" = "iPhone Developer";
				COPY_PHASE_STRIP = NO;
				DEBUG_INFORMATION_FORMAT = dwarf;
				ENABLE_STRICT_OBJC_MSGSEND = YES;
				ENABLE_TESTABILITY = YES;
				GCC_C_LANGUAGE_STANDARD = gnu99;
				GCC_DYNAMIC_NO_PIC = NO;
				GCC_NO_COMMON_BLOCKS = YES;
				GCC_OPTIMIZATION_LEVEL = 0;
				GCC_PREPROCESSOR_DEFINITIONS = (
					"DEBUG=1",
					"$(inherited)",
				);
				GCC_WARN_64_TO_32_BIT_CONVERSION = YES;
				GCC_WARN_ABOUT_RETURN_TYPE = YES_ERROR;
				GCC_WARN_UNDECLARED_SELECTOR = YES;
				GCC_WARN_UNINITIALIZED_AUTOS = YES_AGGRESSIVE;
				GCC_WARN_UNUSED_FUNCTION = YES;
				GCC_WARN_UNUSED_VARIABLE = YES;
				IPHONEOS_DEPLOYMENT_TARGET = 9.0;
				MTL_ENABLE_DEBUG_INFO = YES;
				ONLY_ACTIVE_ARCH = YES;
				SDKROOT = iphoneos;
				SWIFT_OPTIMIZATION_LEVEL = "-Onone";
				TARGETED_DEVICE_FAMILY = "1,2";
			};
			name = Debug;
		};
		6042933C1BD4BA4C0023E3D3 /* Release */ = {
			isa = XCBuildConfiguration;
			buildSettings = {
				ALWAYS_SEARCH_USER_PATHS = NO;
				CLANG_CXX_LANGUAGE_STANDARD = "gnu++0x";
				CLANG_CXX_LIBRARY = "libc++";
				CLANG_ENABLE_MODULES = YES;
				CLANG_ENABLE_OBJC_ARC = YES;
				CLANG_WARN_BOOL_CONVERSION = YES;
				CLANG_WARN_CONSTANT_CONVERSION = YES;
				CLANG_WARN_DIRECT_OBJC_ISA_USAGE = YES_ERROR;
				CLANG_WARN_EMPTY_BODY = YES;
				CLANG_WARN_ENUM_CONVERSION = YES;
				CLANG_WARN_INT_CONVERSION = YES;
				CLANG_WARN_OBJC_ROOT_CLASS = YES_ERROR;
				CLANG_WARN_UNREACHABLE_CODE = YES;
				CLANG_WARN__DUPLICATE_METHOD_MATCH = YES;
				"CODE_SIGN_IDENTITY[sdk=iphoneos*]" = "iPhone Developer";
				COPY_PHASE_STRIP = NO;
				DEBUG_INFORMATION_FORMAT = "dwarf-with-dsym";
				ENABLE_NS_ASSERTIONS = NO;
				ENABLE_STRICT_OBJC_MSGSEND = YES;
				GCC_C_LANGUAGE_STANDARD = gnu99;
				GCC_NO_COMMON_BLOCKS = YES;
				GCC_WARN_64_TO_32_BIT_CONVERSION = YES;
				GCC_WARN_ABOUT_RETURN_TYPE = YES_ERROR;
				GCC_WARN_UNDECLARED_SELECTOR = YES;
				GCC_WARN_UNINITIALIZED_AUTOS = YES_AGGRESSIVE;
				GCC_WARN_UNUSED_FUNCTION = YES;
				GCC_WARN_UNUSED_VARIABLE = YES;
				IPHONEOS_DEPLOYMENT_TARGET = 9.0;
				MTL_ENABLE_DEBUG_INFO = NO;
				SDKROOT = iphoneos;
				TARGETED_DEVICE_FAMILY = "1,2";
				VALIDATE_PRODUCT = YES;
			};
			name = Release;
		};
		6042933E1BD4BA4C0023E3D3 /* Debug */ = {
			isa = XCBuildConfiguration;
			buildSettings = {
				ASSETCATALOG_COMPILER_APPICON_NAME = AppIcon;
				CODE_SIGN_IDENTITY = "iPhone Developer";
				INFOPLIST_FILE = MemeMe/Info.plist;
				LD_RUNPATH_SEARCH_PATHS = "$(inherited) @executable_path/Frameworks";
				PRODUCT_BUNDLE_IDENTIFIER = com.adaji.MemeMe;
				PRODUCT_NAME = "$(TARGET_NAME)";
			};
			name = Debug;
		};
		6042933F1BD4BA4C0023E3D3 /* Release */ = {
			isa = XCBuildConfiguration;
			buildSettings = {
				ASSETCATALOG_COMPILER_APPICON_NAME = AppIcon;
				CODE_SIGN_IDENTITY = "iPhone Developer";
				INFOPLIST_FILE = MemeMe/Info.plist;
				LD_RUNPATH_SEARCH_PATHS = "$(inherited) @executable_path/Frameworks";
				PRODUCT_BUNDLE_IDENTIFIER = com.adaji.MemeMe;
				PRODUCT_NAME = "$(TARGET_NAME)";
			};
			name = Release;
		};
		604293411BD4BA4C0023E3D3 /* Debug */ = {
			isa = XCBuildConfiguration;
			buildSettings = {
				BUNDLE_LOADER = "$(TEST_HOST)";
				INFOPLIST_FILE = MemeMeTests/Info.plist;
				LD_RUNPATH_SEARCH_PATHS = "$(inherited) @executable_path/Frameworks @loader_path/Frameworks";
				PRODUCT_BUNDLE_IDENTIFIER = com.adaji.MemeMeTests;
				PRODUCT_NAME = "$(TARGET_NAME)";
				TEST_HOST = "$(BUILT_PRODUCTS_DIR)/MemeMe.app/MemeMe";
			};
			name = Debug;
		};
		604293421BD4BA4C0023E3D3 /* Release */ = {
			isa = XCBuildConfiguration;
			buildSettings = {
				BUNDLE_LOADER = "$(TEST_HOST)";
				INFOPLIST_FILE = MemeMeTests/Info.plist;
				LD_RUNPATH_SEARCH_PATHS = "$(inherited) @executable_path/Frameworks @loader_path/Frameworks";
				PRODUCT_BUNDLE_IDENTIFIER = com.adaji.MemeMeTests;
				PRODUCT_NAME = "$(TARGET_NAME)";
				TEST_HOST = "$(BUILT_PRODUCTS_DIR)/MemeMe.app/MemeMe";
			};
			name = Release;
		};
		604293441BD4BA4C0023E3D3 /* Debug */ = {
			isa = XCBuildConfiguration;
			buildSettings = {
				INFOPLIST_FILE = MemeMeUITests/Info.plist;
				LD_RUNPATH_SEARCH_PATHS = "$(inherited) @executable_path/Frameworks @loader_path/Frameworks";
				PRODUCT_BUNDLE_IDENTIFIER = com.adaji.MemeMeUITests;
				PRODUCT_NAME = "$(TARGET_NAME)";
				TEST_TARGET_NAME = MemeMe;
				USES_XCTRUNNER = YES;
			};
			name = Debug;
		};
		604293451BD4BA4C0023E3D3 /* Release */ = {
			isa = XCBuildConfiguration;
			buildSettings = {
				INFOPLIST_FILE = MemeMeUITests/Info.plist;
				LD_RUNPATH_SEARCH_PATHS = "$(inherited) @executable_path/Frameworks @loader_path/Frameworks";
				PRODUCT_BUNDLE_IDENTIFIER = com.adaji.MemeMeUITests;
				PRODUCT_NAME = "$(TARGET_NAME)";
				TEST_TARGET_NAME = MemeMe;
				USES_XCTRUNNER = YES;
			};
			name = Release;
		};
/* End XCBuildConfiguration section */

/* Begin XCConfigurationList section */
		604293101BD4BA4C0023E3D3 /* Build configuration list for PBXProject "MemeMe" */ = {
			isa = XCConfigurationList;
			buildConfigurations = (
				6042933B1BD4BA4C0023E3D3 /* Debug */,
				6042933C1BD4BA4C0023E3D3 /* Release */,
			);
			defaultConfigurationIsVisible = 0;
			defaultConfigurationName = Release;
		};
		6042933D1BD4BA4C0023E3D3 /* Build configuration list for PBXNativeTarget "MemeMe" */ = {
			isa = XCConfigurationList;
			buildConfigurations = (
				6042933E1BD4BA4C0023E3D3 /* Debug */,
				6042933F1BD4BA4C0023E3D3 /* Release */,
			);
			defaultConfigurationIsVisible = 0;
			defaultConfigurationName = Release;
		};
		604293401BD4BA4C0023E3D3 /* Build configuration list for PBXNativeTarget "MemeMeTests" */ = {
			isa = XCConfigurationList;
			buildConfigurations = (
				604293411BD4BA4C0023E3D3 /* Debug */,
				604293421BD4BA4C0023E3D3 /* Release */,
			);
			defaultConfigurationIsVisible = 0;
			defaultConfigurationName = Release;
		};
		604293431BD4BA4C0023E3D3 /* Build configuration list for PBXNativeTarget "MemeMeUITests" */ = {
			isa = XCConfigurationList;
			buildConfigurations = (
				604293441BD4BA4C0023E3D3 /* Debug */,
				604293451BD4BA4C0023E3D3 /* Release */,
			);
			defaultConfigurationIsVisible = 0;
			defaultConfigurationName = Release;
		};
/* End XCConfigurationList section */
	};
	rootObject = 6042930D1BD4BA4C0023E3D3 /* Project object */;
}
